version = 1
revision = 3
requires-python = ">=3.14"

[[package]]
name = "colorama"
version = "0.4.6"
source = { registry = "https://pypi.org/simple" }
sdist = { url = "https://files.pythonhosted.org/packages/d8/53/6f443c9a4a8358a93a6792e2acffb9d9d5cb0a5cfd8802644b7b1c9a02e4/colorama-0.4.6.tar.gz", hash = "sha256:08695f5cb7ed6e0531a20572697297273c47b8cae5a63ffc6d6ed5c201be6e44", size = 27697, upload-time = "2022-10-25T02:36:22.414Z" }
wheels = [
    { url = "https://files.pythonhosted.org/packages/d1/d6/3965ed04c63042e047cb6a3e6ed1a63a35087b6a609aa3a15ed8ac56c221/colorama-0.4.6-py2.py3-none-any.whl", hash = "sha256:4f1d9991f5acc0ca119f9d443620b77f9d6b33703e51011c16baf57afb285fc6", size = 25335, upload-time = "2022-10-25T02:36:20.889Z" },
]

[[package]]
name = "dateparser"
version = "1.3.0"
source = { registry = "https://pypi.org/simple" }
dependencies = [
    { name = "python-dateutil" },
    { name = "pytz" },
    { name = "regex" },
    { name = "tzlocal" },
]
sdist = { url = "https://files.pythonhosted.org/packages/3d/2c/668dfb8c073a5dde3efb80fa382de1502e3b14002fd386a8c1b0b49e92a9/dateparser-1.3.0.tar.gz", hash = "sha256:5bccf5d1ec6785e5be71cc7ec80f014575a09b4923e762f850e57443bddbf1a5", size = 337152, upload-time = "2026-02-04T16:00:06.162Z" }
wheels = [
    { url = "https://files.pythonhosted.org/packages/9a/c7/95349670e193b2891176e1b8e5f43e12b31bff6d9994f70e74ab385047f6/dateparser-1.3.0-py3-none-any.whl", hash = "sha256:8dc678b0a526e103379f02ae44337d424bd366aac727d3c6cf52ce1b01efbb5a", size = 318688, upload-time = "2026-02-04T16:00:04.652Z" },
]

[[package]]
name = "iniconfig"
version = "2.3.0"
source = { registry = "https://pypi.org/simple" }
sdist = { url = "https://files.pythonhosted.org/packages/72/34/14ca021ce8e5dfedc35312d08ba8bf51fdd999c576889fc2c24cb97f4f10/iniconfig-2.3.0.tar.gz", hash = "sha256:c76315c77db068650d49c5b56314774a7804df16fee4402c1f19d6d15d8c4730", size = 20503, upload-time = "2025-10-18T21:55:43.219Z" }
wheels = [
    { url = "https://files.pythonhosted.org/packages/cb/b1/3846dd7f199d53cb17f49cba7e651e9ce294d8497c8c150530ed11865bb8/iniconfig-2.3.0-py3-none-any.whl", hash = "sha256:f631c04d2c48c52b84d0d0549c99ff3859c98df65b3101406327ecc7d53fbf12", size = 7484, upload-time = "2025-10-18T21:55:41.639Z" },
]

[[package]]
name = "mait-code"
version = "0.3.1"
source = { editable = "." }
dependencies = [
    { name = "dateparser" },
    { name = "pyyaml" },
    { name = "sqlite-vec" },
]

[package.dev-dependencies]
dev = [
    { name = "pytest" },
    { name = "ruff" },
]

[package.metadata]
requires-dist = [
    { name = "dateparser", specifier = ">=1.3.0" },
    { name = "pyyaml", specifier = ">=6.0.3" },
    { name = "sqlite-vec", specifier = ">=0.1.3" },
]

[package.metadata.requires-dev]
dev = [
    { name = "pytest", specifier = ">=8.0" },
    { name = "ruff", specifier = ">=0.8" },
]

[[package]]
name = "packaging"
version = "26.0"
source = { registry = "https://pypi.org/simple" }
sdist = { url = "https://files.pythonhosted.org/packages/65/ee/299d360cdc32edc7d2cf530f3accf79c4fca01e96ffc950d8a52213bd8e4/packaging-26.0.tar.gz", hash = "sha256:00243ae351a257117b6a241061796684b084ed1c516a08c48a3f7e147a9d80b4", size = 143416, upload-time = "2026-01-21T20:50:39.064Z" }
wheels = [
    { url = "https://files.pythonhosted.org/packages/b7/b9/c538f279a4e237a006a2c98387d081e9eb060d203d8ed34467cc0f0b9b53/packaging-26.0-py3-none-any.whl", hash = "sha256:b36f1fef9334a5588b4166f8bcd26a14e521f2b55e6b9de3aaa80d3ff7a37529", size = 74366, upload-time = "2026-01-21T20:50:37.788Z" },
]

[[package]]
name = "pluggy"
version = "1.6.0"
source = { registry = "https://pypi.org/simple" }
sdist = { url = "https://files.pythonhosted.org/packages/f9/e2/3e91f31a7d2b083fe6ef3fa267035b518369d9511ffab804f839851d2779/pluggy-1.6.0.tar.gz", hash = "sha256:7dcc130b76258d33b90f61b658791dede3486c3e6bfb003ee5c9bfb396dd22f3", size = 69412, upload-time = "2025-05-15T12:30:07.975Z" }
wheels = [
    { url = "https://files.pythonhosted.org/packages/54/20/4d324d65cc6d9205fabedc306948156824eb9f0ee1633355a8f7ec5c66bf/pluggy-1.6.0-py3-none-any.whl", hash = "sha256:e920276dd6813095e9377c0bc5566d94c932c33b27a3e3945d8389c374dd4746", size = 20538, upload-time = "2025-05-15T12:30:06.134Z" },
]

[[package]]
name = "pygments"
version = "2.19.2"
source = { registry = "https://pypi.org/simple" }
sdist = { url = "https://files.pythonhosted.org/packages/b0/77/a5b8c569bf593b0140bde72ea885a803b82086995367bf2037de0159d924/pygments-2.19.2.tar.gz", hash = "sha256:636cb2477cec7f8952536970bc533bc43743542f70392ae026374600add5b887", size = 4968631, upload-time = "2025-06-21T13:39:12.283Z" }
wheels = [
    { url = "https://files.pythonhosted.org/packages/c7/21/705964c7812476f378728bdf590ca4b771ec72385c533964653c68e86bdc/pygments-2.19.2-py3-none-any.whl", hash = "sha256:86540386c03d588bb81d44bc3928634ff26449851e99741617ecb9037ee5ec0b", size = 1225217, upload-time = "2025-06-21T13:39:07.939Z" },
]

[[package]]
name = "pytest"
version = "9.0.2"
source = { registry = "https://pypi.org/simple" }
dependencies = [
    { name = "colorama", marker = "sys_platform == 'win32'" },
    { name = "iniconfig" },
    { name = "packaging" },
    { name = "pluggy" },
    { name = "pygments" },
]
sdist = { url = "https://files.pythonhosted.org/packages/d1/db/7ef3487e0fb0049ddb5ce41d3a49c235bf9ad299b6a25d5780a89f19230f/pytest-9.0.2.tar.gz", hash = "sha256:75186651a92bd89611d1d9fc20f0b4345fd827c41ccd5c299a868a05d70edf11", size = 1568901, upload-time = "2025-12-06T21:30:51.014Z" }
wheels = [
    { url = "https://files.pythonhosted.org/packages/3b/ab/b3226f0bd7cdcf710fbede2b3548584366da3b19b5021e74f5bde2a8fa3f/pytest-9.0.2-py3-none-any.whl", hash = "sha256:711ffd45bf766d5264d487b917733b453d917afd2b0ad65223959f59089f875b", size = 374801, upload-time = "2025-12-06T21:30:49.154Z" },
]

[[package]]
name = "python-dateutil"
version = "2.9.0.post0"
source = { registry = "https://pypi.org/simple" }
dependencies = [
    { name = "six" },
]
sdist = { url = "https://files.pythonhosted.org/packages/66/c0/0c8b6ad9f17a802ee498c46e004a0eb49bc148f2fd230864601a86dcf6db/python-dateutil-2.9.0.post0.tar.gz", hash = "sha256:37dd54208da7e1cd875388217d5e00ebd4179249f90fb72437e91a35459a0ad3", size = 342432, upload-time = "2024-03-01T18:36:20.211Z" }
wheels = [
    { url = "https://files.pythonhosted.org/packages/ec/57/56b9bcc3c9c6a792fcbaf139543cee77261f3651ca9da0c93f5c1221264b/python_dateutil-2.9.0.post0-py2.py3-none-any.whl", hash = "sha256:a8b2bc7bffae282281c8140a97d3aa9c14da0b136dfe83f850eea9a5f7470427", size = 229892, upload-time = "2024-03-01T18:36:18.57Z" },
]

[[package]]
name = "pytz"
version = "2026.1.post1"
source = { registry = "https://pypi.org/simple" }
sdist = { url = "https://files.pythonhosted.org/packages/56/db/b8721d71d945e6a8ac63c0fc900b2067181dbb50805958d4d4661cf7d277/pytz-2026.1.post1.tar.gz", hash = "sha256:3378dde6a0c3d26719182142c56e60c7f9af7e968076f31aae569d72a0358ee1", size = 321088, upload-time = "2026-03-03T07:47:50.683Z" }
wheels = [
    { url = "https://files.pythonhosted.org/packages/10/99/781fe0c827be2742bcc775efefccb3b048a3a9c6ce9aec0cbf4a101677e5/pytz-2026.1.post1-py2.py3-none-any.whl", hash = "sha256:f2fd16142fda348286a75e1a524be810bb05d444e5a081f37f7affc635035f7a", size = 510489, upload-time = "2026-03-03T07:47:49.167Z" },
]

[[package]]
name = "pyyaml"
version = "6.0.3"
source = { registry = "https://pypi.org/simple" }
sdist = { url = "https://files.pythonhosted.org/packages/05/8e/961c0007c59b8dd7729d542c61a4d537767a59645b82a0b521206e1e25c2/pyyaml-6.0.3.tar.gz", hash = "sha256:d76623373421df22fb4cf8817020cbb7ef15c725b9d5e45f17e189bfc384190f", size = 130960, upload-time = "2025-09-25T21:33:16.546Z" }
wheels = [
    { url = "https://files.pythonhosted.org/packages/9d/8c/f4bd7f6465179953d3ac9bc44ac1a8a3e6122cf8ada906b4f96c60172d43/pyyaml-6.0.3-cp314-cp314-macosx_10_13_x86_64.whl", hash = "sha256:8d1fab6bb153a416f9aeb4b8763bc0f22a5586065f86f7664fc23339fc1c1fac", size = 181814, upload-time = "2025-09-25T21:32:35.712Z" },
    { url = "https://files.pythonhosted.org/packages/bd/9c/4d95bb87eb2063d20db7b60faa3840c1b18025517ae857371c4dd55a6b3a/pyyaml-6.0.3-cp314-cp314-macosx_11_0_arm64.whl", hash = "sha256:34d5fcd24b8445fadc33f9cf348c1047101756fd760b4dacb5c3e99755703310", size = 173809, upload-time = "2025-09-25T21:32:36.789Z" },
    { url = "https://files.pythonhosted.org/packages/92/b5/47e807c2623074914e29dabd16cbbdd4bf5e9b2db9f8090fa64411fc5382/pyyaml-6.0.3-cp314-cp314-manylinux2014_aarch64.manylinux_2_17_aarch64.manylinux_2_28_aarch64.whl", hash = "sha256:501a031947e3a9025ed4405a168e6ef5ae3126c59f90ce0cd6f2bfc477be31b7", size = 766454, upload-time = "2025-09-25T21:32:37.966Z" },
    { url = "https://files.pythonhosted.org/packages/02/9e/e5e9b168be58564121efb3de6859c452fccde0ab093d8438905899a3a483/pyyaml-6.0.3-cp314-cp314-manylinux2014_s390x.manylinux_2_17_s390x.manylinux_2_28_s390x.whl", hash = "sha256:b3bc83488de33889877a0f2543ade9f70c67d66d9ebb4ac959502e12de895788", size = 836355, upload-time = "2025-09-25T21:32:39.178Z" },
    { url = "https://files.pythonhosted.org/packages/88/f9/16491d7ed2a919954993e48aa941b200f38040928474c9e85ea9e64222c3/pyyaml-6.0.3-cp314-cp314-manylinux2014_x86_64.manylinux_2_17_x86_64.manylinux_2_28_x86_64.whl", hash = "sha256:c458b6d084f9b935061bc36216e8a69a7e293a2f1e68bf956dcd9e6cbcd143f5", size = 794175, upload-time = "2025-09-25T21:32:40.865Z" },
    { url = "https://files.pythonhosted.org/packages/dd/3f/5989debef34dc6397317802b527dbbafb2b4760878a53d4166579111411e/pyyaml-6.0.3-cp314-cp314-musllinux_1_2_aarch64.whl", hash = "sha256:7c6610def4f163542a622a73fb39f534f8c101d690126992300bf3207eab9764", size = 755228, upload-time = "2025-09-25T21:32:42.084Z" },
    { url = "https://files.pythonhosted.org/packages/d7/ce/af88a49043cd2e265be63d083fc75b27b6ed062f5f9fd6cdc223ad62f03e/pyyaml-6.0.3-cp314-cp314-musllinux_1_2_x86_64.whl", hash = "sha256:5190d403f121660ce8d1d2c1bb2ef1bd05b5f68533fc5c2ea899bd15f4399b35", size = 789194, upload-time = "2025-09-25T21:32:43.362Z" },
    { url = "https://files.pythonhosted.org/packages/23/20/bb6982b26a40bb43951265ba29d4c246ef0ff59c9fdcdf0ed04e0687de4d/pyyaml-6.0.3-cp314-cp314-win_amd64.whl", hash = "sha256:4a2e8cebe2ff6ab7d1050ecd59c25d4c8bd7e6f400f5f82b96557ac0abafd0ac", size = 156429, upload-time = "2025-09-25T21:32:57.844Z" },
    { url = "https://files.pythonhosted.org/packages/f4/f4/a4541072bb9422c8a883ab55255f918fa378ecf083f5b85e87fc2b4eda1b/pyyaml-6.0.3-cp314-cp314-win_arm64.whl", hash = "sha256:93dda82c9c22deb0a405ea4dc5f2d0cda384168e466364dec6255b293923b2f3", size = 143912, upload-time = "2025-09-25T21:32:59.247Z" },
    { url = "https://files.pythonhosted.org/packages/7c/f9/07dd09ae774e4616edf6cda684ee78f97777bdd15847253637a6f052a62f/pyyaml-6.0.3-cp314-cp314t-macosx_10_13_x86_64.whl", hash = "sha256:02893d100e99e03eda1c8fd5c441d8c60103fd175728e23e431db1b589cf5ab3", size = 189108, upload-time = "2025-09-25T21:32:44.377Z" },
    { url = "https://files.pythonhosted.org/packages/4e/78/8d08c9fb7ce09ad8c38ad533c1191cf27f7ae1effe5bb9400a46d9437fcf/pyyaml-6.0.3-cp314-cp314t-macosx_11_0_arm64.whl", hash = "sha256:c1ff362665ae507275af2853520967820d9124984e0f7466736aea23d8611fba", size = 183641, upload-time = "2025-09-25T21:32:45.407Z" },
    { url = "https://files.pythonhosted.org/packages/7b/5b/3babb19104a46945cf816d047db2788bcaf8c94527a805610b0289a01c6b/pyyaml-6.0.3-cp314-cp314t-manylinux2014_aarch64.manylinux_2_17_aarch64.manylinux_2_28_aarch64.whl", hash = "sha256:6adc77889b628398debc7b65c073bcb99c4a0237b248cacaf3fe8a557563ef6c", size = 831901, upload-time = "2025-09-25T21:32:48.83Z" },
    { url = "https://files.pythonhosted.org/packages/8b/cc/dff0684d8dc44da4d22a13f35f073d558c268780ce3c6ba1b87055bb0b87/pyyaml-6.0.3-cp314-cp314t-manylinux2014_s390x.manylinux_2_17_s390x.manylinux_2_28_s390x.whl", hash = "sha256:a80cb027f6b349846a3bf6d73b5e95e782175e52f22108cfa17876aaeff93702", size = 861132, upload-time = "2025-09-25T21:32:50.149Z" },
    { url = "https://files.pythonhosted.org/packages/b1/5e/f77dc6b9036943e285ba76b49e118d9ea929885becb0a29ba8a7c75e29fe/pyyaml-6.0.3-cp314-cp314t-manylinux2014_x86_64.manylinux_2_17_x86_64.manylinux_2_28_x86_64.whl", hash = "sha256:00c4bdeba853cc34e7dd471f16b4114f4162dc03e6b7afcc2128711f0eca823c", size = 839261, upload-time = "2025-09-25T21:32:51.808Z" },
    { url = "https://files.pythonhosted.org/packages/ce/88/a9db1376aa2a228197c58b37302f284b5617f56a5d959fd1763fb1675ce6/pyyaml-6.0.3-cp314-cp314t-musllinux_1_2_aarch64.whl", hash = "sha256:66e1674c3ef6f541c35191caae2d429b967b99e02040f5ba928632d9a7f0f065", size = 805272, upload-time = "2025-09-25T21:32:52.941Z" },
    { url = "https://files.pythonhosted.org/packages/da/92/1446574745d74df0c92e6aa4a7b0b3130706a4142b2d1a5869f2eaa423c6/pyyaml-6.0.3-cp314-cp314t-musllinux_1_2_x86_64.whl", hash = "sha256:16249ee61e95f858e83976573de0f5b2893b3677ba71c9dd36b9cf8be9ac6d65", size = 829923, upload-time = "2025-09-25T21:32:54.537Z" },
    { url = "https://files.pythonhosted.org/packages/f0/7a/1c7270340330e575b92f397352af856a8c06f230aa3e76f86b39d01b416a/pyyaml-6.0.3-cp314-cp314t-win_amd64.whl", hash = "sha256:4ad1906908f2f5ae4e5a8ddfce73c320c2a1429ec52eafd27138b7f1cbe341c9", size = 174062, upload-time = "2025-09-25T21:32:55.767Z" },
    { url = "https://files.pythonhosted.org/packages/f1/12/de94a39c2ef588c7e6455cfbe7343d3b2dc9d6b6b2f40c4c6565744c873d/pyyaml-6.0.3-cp314-cp314t-win_arm64.whl", hash = "sha256:ebc55a14a21cb14062aa4162f906cd962b28e2e9ea38f9b4391244cd8de4ae0b", size = 149341, upload-time = "2025-09-25T21:32:56.828Z" },
]

[[package]]
name = "regex"
version = "2026.2.28"
source = { registry = "https://pypi.org/simple" }
sdist = { url = "https://files.pythonhosted.org/packages/8b/71/41455aa99a5a5ac1eaf311f5d8efd9ce6433c03ac1e0962de163350d0d97/regex-2026.2.28.tar.gz", hash = "sha256:a729e47d418ea11d03469f321aaf67cdee8954cde3ff2cf8403ab87951ad10f2", size = 415184, upload-time = "2026-02-28T02:19:42.792Z" }
wheels = [
    { url = "https://files.pythonhosted.org/packages/cf/03/691015f7a7cb1ed6dacb2ea5de5682e4858e05a4c5506b2839cd533bbcd6/regex-2026.2.28-cp314-cp314-macosx_10_13_universal2.whl", hash = "sha256:78454178c7df31372ea737996fb7f36b3c2c92cccc641d251e072478afb4babc", size = 489497, upload-time = "2026-02-28T02:18:30.889Z" },
    { url = "https://files.pythonhosted.org/packages/c6/ba/8db8fd19afcbfa0e1036eaa70c05f20ca8405817d4ad7a38a6b4c2f031ac/regex-2026.2.28-cp314-cp314-macosx_10_13_x86_64.whl", hash = "sha256:5d10303dd18cedfd4d095543998404df656088240bcfd3cd20a8f95b861f74bd", size = 291295, upload-time = "2026-02-28T02:18:33.426Z" },
    { url = "https://files.pythonhosted.org/packages/5a/79/9aa0caf089e8defef9b857b52fc53801f62ff868e19e5c83d4a96612eba1/regex-2026.2.28-cp314-cp314-macosx_11_0_arm64.whl", hash = "sha256:19a9c9e0a8f24f39d575a6a854d516b48ffe4cbdcb9de55cb0570a032556ecff", size = 289275, upload-time = "2026-02-28T02:18:35.247Z" },
    { url = "https://files.pythonhosted.org/packages/eb/26/ee53117066a30ef9c883bf1127eece08308ccf8ccd45c45a966e7a665385/regex-2026.2.28-cp314-cp314-manylinux2014_aarch64.manylinux_2_17_aarch64.manylinux_2_28_aarch64.whl", hash = "sha256:09500be324f49b470d907b3ef8af9afe857f5cca486f853853f7945ddbf75911", size = 797176, upload-time = "2026-02-28T02:18:37.15Z" },
    { url = "https://files.pythonhosted.org/packages/05/1b/67fb0495a97259925f343ae78b5d24d4a6624356ae138b57f18bd43006e4/regex-2026.2.28-cp314-cp314-manylinux2014_ppc64le.manylinux_2_17_ppc64le.manylinux_2_28_ppc64le.whl", hash = "sha256:fb1c4ff62277d87a7335f2c1ea4e0387b8f2b3ad88a64efd9943906aafad4f33", size = 863813, upload-time = "2026-02-28T02:18:39.478Z" },
    { url = "https://files.pythonhosted.org/packages/a0/1d/93ac9bbafc53618091c685c7ed40239a90bf9f2a82c983f0baa97cb7ae07/regex-2026.2.28-cp314-cp314-manylinux2014_s390x.manylinux_2_17_s390x.manylinux_2_28_s390x.whl", hash = "sha256:b8b3f1be1738feadc69f62daa250c933e85c6f34fa378f54a7ff43807c1b9117", size = 908678, upload-time = "2026-02-28T02:18:41.619Z" },
    { url = "https://files.pythonhosted.org/packages/c7/7a/a8f5e0561702b25239846a16349feece59712ae20598ebb205580332a471/regex-2026.2.28-cp314-cp314-manylinux2014_x86_64.manylinux_2_17_x86_64.manylinux_2_28_x86_64.whl", hash = "sha256:dc8ed8c3f41c27acb83f7b6a9eb727a73fc6663441890c5cb3426a5f6a91ce7d", size = 801528, upload-time = "2026-02-28T02:18:43.624Z" },
    { url = "https://files.pythonhosted.org/packages/96/5d/ed6d4cbde80309854b1b9f42d9062fee38ade15f7eb4909f6ef2440403b5/regex-2026.2.28-cp314-cp314-manylinux_2_31_riscv64.manylinux_2_39_riscv64.whl", hash = "sha256:fa539be029844c0ce1114762d2952ab6cfdd7c7c9bd72e0db26b94c3c36dcc5a", size = 775373, upload-time = "2026-02-28T02:18:46.102Z" },
    { url = "https://files.pythonhosted.org/packages/6a/e9/6e53c34e8068b9deec3e87210086ecb5b9efebdefca6b0d3fa43d66dcecb/regex-2026.2.28-cp314-cp314-musllinux_1_2_aarch64.whl", hash = "sha256:7900157786428a79615a8264dac1f12c9b02957c473c8110c6b1f972dcecaddf", size = 784859, upload-time = "2026-02-28T02:18:48.269Z" },
    { url = "https://files.pythonhosted.org/packages/48/3c/736e1c7ca7f0dcd2ae33819888fdc69058a349b7e5e84bc3e2f296bbf794/regex-2026.2.28-cp314-cp314-musllinux_1_2_ppc64le.whl", hash = "sha256:0b1d2b07614d95fa2bf8a63fd1e98bd8fa2b4848dc91b1efbc8ba219fdd73952", size = 857813, upload-time = "2026-02-28T02:18:50.576Z" },
    { url = "https://files.pythonhosted.org/packages/6e/7c/48c4659ad9da61f58e79dbe8c05223e0006696b603c16eb6b5cbfbb52c27/regex-2026.2.28-cp314-cp314-musllinux_1_2_riscv64.whl", hash = "sha256:b389c61aa28a79c2e0527ac36da579869c2e235a5b208a12c5b5318cda2501d8", size = 763705, upload-time = "2026-02-28T02:18:52.59Z" },
    { url = "https://files.pythonhosted.org/packages/cf/a1/bc1c261789283128165f71b71b4b221dd1b79c77023752a6074c102f18d8/regex-2026.2.28-cp314-cp314-musllinux_1_2_s390x.whl", hash = "sha256:f467cb602f03fbd1ab1908f68b53c649ce393fde056628dc8c7e634dab6bfc07", size = 848734, upload-time = "2026-02-28T02:18:54.595Z" },
    { url = "https://files.pythonhosted.org/packages/10/d8/979407faf1397036e25a5ae778157366a911c0f382c62501009f4957cf86/regex-2026.2.28-cp314-cp314-musllinux_1_2_x86_64.whl", hash = "sha256:e8c8cb2deba42f5ec1ede46374e990f8adc5e6456a57ac1a261b19be6f28e4e6", size = 789871, upload-time = "2026-02-28T02:18:57.34Z" },
    { url = "https://files.pythonhosted.org/packages/03/23/da716821277115fcb1f4e3de1e5dc5023a1e6533598c486abf5448612579/regex-2026.2.28-cp314-cp314-win32.whl", hash = "sha256:9036b400b20e4858d56d117108d7813ed07bb7803e3eed766675862131135ca6", size = 271825, upload-time = "2026-02-28T02:18:59.202Z" },
    { url = "https://files.pythonhosted.org/packages/91/ff/90696f535d978d5f16a52a419be2770a8d8a0e7e0cfecdbfc31313df7fab/regex-2026.2.28-cp314-cp314-win_amd64.whl", hash = "sha256:1d367257cd86c1cbb97ea94e77b373a0bbc2224976e247f173d19e8f18b4afa7", size = 280548, upload-time = "2026-02-28T02:19:01.049Z" },
    { url = "https://files.pythonhosted.org/packages/69/f9/5e1b5652fc0af3fcdf7677e7df3ad2a0d47d669b34ac29a63bb177bb731b/regex-2026.2.28-cp314-cp314-win_arm64.whl", hash = "sha256:5e68192bb3a1d6fb2836da24aa494e413ea65853a21505e142e5b1064a595f3d", size = 273444, upload-time = "2026-02-28T02:19:03.255Z" },
    { url = "https://files.pythonhosted.org/packages/d3/eb/8389f9e940ac89bcf58d185e230a677b4fd07c5f9b917603ad5c0f8fa8fe/regex-2026.2.28-cp314-cp314t-macosx_10_13_universal2.whl", hash = "sha256:a5dac14d0872eeb35260a8e30bac07ddf22adc1e3a0635b52b02e180d17c9c7e", size = 492546, upload-time = "2026-02-28T02:19:05.378Z" },
    { url = "https://files.pythonhosted.org/packages/7b/c7/09441d27ce2a6fa6a61ea3150ea4639c1dcda9b31b2ea07b80d6937b24dd/regex-2026.2.28-cp314-cp314t-macosx_10_13_x86_64.whl", hash = "sha256:ec0c608b7a7465ffadb344ed7c987ff2f11ee03f6a130b569aa74d8a70e8333c", size = 292986, upload-time = "2026-02-28T02:19:07.24Z" },
    { url = "https://files.pythonhosted.org/packages/fb/69/4144b60ed7760a6bd235e4087041f487aa4aa62b45618ce018b0c14833ea/regex-2026.2.28-cp314-cp314t-macosx_11_0_arm64.whl", hash = "sha256:c7815afb0ca45456613fdaf60ea9c993715511c8d53a83bc468305cbc0ee23c7", size = 291518, upload-time = "2026-02-28T02:19:09.698Z" },
    { url = "https://files.pythonhosted.org/packages/2d/be/77e5426cf5948c82f98c53582009ca9e94938c71f73a8918474f2e2990bb/regex-2026.2.28-cp314-cp314t-manylinux2014_aarch64.manylinux_2_17_aarch64.manylinux_2_28_aarch64.whl", hash = "sha256:b059e71ec363968671693a78c5053bd9cb2fe410f9b8e4657e88377ebd603a2e", size = 809464, upload-time = "2026-02-28T02:19:12.494Z" },
    { url = "https://files.pythonhosted.org/packages/45/99/2c8c5ac90dc7d05c6e7d8e72c6a3599dc08cd577ac476898e91ca787d7f1/regex-2026.2.28-cp314-cp314t-manylinux2014_ppc64le.manylinux_2_17_ppc64le.manylinux_2_28_ppc64le.whl", hash = "sha256:b8cf76f1a29f0e99dcfd7aef1551a9827588aae5a737fe31442021165f1920dc", size = 869553, upload-time = "2026-02-28T02:19:15.151Z" },
    { url = "https://files.pythonhosted.org/packages/53/34/daa66a342f0271e7737003abf6c3097aa0498d58c668dbd88362ef94eb5d/regex-2026.2.28-cp314-cp314t-manylinux2014_s390x.manylinux_2_17_s390x.manylinux_2_28_s390x.whl", hash = "sha256:180e08a435a0319e6a4821c3468da18dc7001987e1c17ae1335488dfe7518dd8", size = 915289, upload-time = "2026-02-28T02:19:17.331Z" },
    { url = "https://files.pythonhosted.org/packages/c5/c7/e22c2aaf0a12e7e22ab19b004bb78d32ca1ecc7ef245949935463c5567de/regex-2026.2.28-cp314-cp314t-manylinux2014_x86_64.manylinux_2_17_x86_64.manylinux_2_28_x86_64.whl", hash = "sha256:1e496956106fd59ba6322a8ea17141a27c5040e5ee8f9433ae92d4e5204462a0", size = 812156, upload-time = "2026-02-28T02:19:20.011Z" },
    { url = "https://files.pythonhosted.org/packages/7f/bb/2dc18c1efd9051cf389cd0d7a3a4d90f6804b9fff3a51b5dc3c85b935f71/regex-2026.2.28-cp314-cp314t-manylinux_2_31_riscv64.manylinux_2_39_riscv64.whl", hash = "sha256:bba2b18d70eeb7b79950f12f633beeecd923f7c9ad6f6bae28e59b4cb3ab046b", size = 782215, upload-time = "2026-02-28T02:19:22.047Z" },
    { url = "https://files.pythonhosted.org/packages/17/1e/9e4ec9b9013931faa32226ec4aa3c71fe664a6d8a2b91ac56442128b332f/regex-2026.2.28-cp314-cp314t-musllinux_1_2_aarch64.whl", hash = "sha256:6db7bfae0f8a2793ff1f7021468ea55e2699d0790eb58ee6ab36ae43aa00bc5b", size = 798925, upload-time = "2026-02-28T02:19:24.173Z" },
    { url = "https://files.pythonhosted.org/packages/71/57/a505927e449a9ccb41e2cc8d735e2abe3444b0213d1cf9cb364a8c1f2524/regex-2026.2.28-cp314-cp314t-musllinux_1_2_ppc64le.whl", hash = "sha256:d0b02e8b7e5874b48ae0f077ecca61c1a6a9f9895e9c6dfb191b55b242862033", size = 864701, upload-time = "2026-02-28T02:19:26.376Z" },
    { url = "https://files.pythonhosted.org/packages/a6/ad/c62cb60cdd93e13eac5b3d9d6bd5d284225ed0e3329426f94d2552dd7cca/regex-2026.2.28-cp314-cp314t-musllinux_1_2_riscv64.whl", hash = "sha256:25b6eb660c5cf4b8c3407a1ed462abba26a926cc9965e164268a3267bcc06a43", size = 770899, upload-time = "2026-02-28T02:19:29.38Z" },
    { url = "https://files.pythonhosted.org/packages/3c/5a/874f861f5c3d5ab99633e8030dee1bc113db8e0be299d1f4b07f5b5ec349/regex-2026.2.28-cp314-cp314t-musllinux_1_2_s390x.whl", hash = "sha256:5a932ea8ad5d0430351ff9c76c8db34db0d9f53c1d78f06022a21f4e290c5c18", size = 854727, upload-time = "2026-02-28T02:19:31.494Z" },
    { url = "https://files.pythonhosted.org/packages/6b/ca/d2c03b0efde47e13db895b975b2be6a73ed90b8ba963677927283d43bf74/regex-2026.2.28-cp314-cp314t-musllinux_1_2_x86_64.whl", hash = "sha256:1c2c95e1a2b0f89d01e821ff4de1be4b5d73d1f4b0bf679fa27c1ad8d2327f1a", size = 800366, upload-time = "2026-02-28T02:19:34.248Z" },
    { url = "https://files.pythonhosted.org/packages/14/bd/ee13b20b763b8989f7c75d592bfd5de37dc1181814a2a2747fedcf97e3ba/regex-2026.2.28-cp314-cp314t-win32.whl", hash = "sha256:bbb882061f742eb5d46f2f1bd5304055be0a66b783576de3d7eef1bed4778a6e", size = 274936, upload-time = "2026-02-28T02:19:36.313Z" },
    { url = "https://files.pythonhosted.org/packages/cb/e7/d8020e39414c93af7f0d8688eabcecece44abfd5ce314b21dfda0eebd3d8/regex-2026.2.28-cp314-cp314t-win_amd64.whl", hash = "sha256:6591f281cb44dc13de9585b552cec6fc6cf47fb2fe7a48892295ee9bc4a612f9", size = 284779, upload-time = "2026-02-28T02:19:38.625Z" },
    { url = "https://files.pythonhosted.org/packages/13/c0/ad225f4a405827486f1955283407cf758b6d2fb966712644c5f5aef33d1b/regex-2026.2.28-cp314-cp314t-win_arm64.whl", hash = "sha256:dee50f1be42222f89767b64b283283ef963189da0dda4a515aa54a5563c62dec", size = 275010, upload-time = "2026-02-28T02:19:40.65Z" },
]

[[package]]
name = "ruff"
version = "0.15.4"
source = { registry = "https://pypi.org/simple" }
sdist = { url = "https://files.pythonhosted.org/packages/da/31/d6e536cdebb6568ae75a7f00e4b4819ae0ad2640c3604c305a0428680b0c/ruff-0.15.4.tar.gz", hash = "sha256:3412195319e42d634470cc97aa9803d07e9d5c9223b99bcb1518f0c725f26ae1", size = 4569550, upload-time = "2026-02-26T20:04:14.959Z" }
wheels = [
    { url = "https://files.pythonhosted.org/packages/f2/82/c11a03cfec3a4d26a0ea1e571f0f44be5993b923f905eeddfc397c13d360/ruff-0.15.4-py3-none-linux_armv6l.whl", hash = "sha256:a1810931c41606c686bae8b5b9a8072adac2f611bb433c0ba476acba17a332e0", size = 10453333, upload-time = "2026-02-26T20:04:20.093Z" },
    { url = "https://files.pythonhosted.org/packages/ce/5d/6a1f271f6e31dffb31855996493641edc3eef8077b883eaf007a2f1c2976/ruff-0.15.4-py3-none-macosx_10_12_x86_64.whl", hash = "sha256:5a1632c66672b8b4d3e1d1782859e98d6e0b4e70829530666644286600a33992", size = 10853356, upload-time = "2026-02-26T20:04:05.808Z" },
    { url = "https://files.pythonhosted.org/packages/b1/d8/0fab9f8842b83b1a9c2bf81b85063f65e93fb512e60effa95b0be49bfc54/ruff-0.15.4-py3-none-macosx_11_0_arm64.whl", hash = "sha256:a4386ba2cd6c0f4ff75252845906acc7c7c8e1ac567b7bc3d373686ac8c222ba", size = 10187434, upload-time = "2026-02-26T20:03:54.656Z" },
    { url = "https://files.pythonhosted.org/packages/85/cc/cc220fd9394eff5db8d94dec199eec56dd6c9f3651d8869d024867a91030/ruff-0.15.4-py3-none-manylinux_2_17_aarch64.manylinux2014_aarch64.whl", hash = "sha256:b2496488bdfd3732747558b6f95ae427ff066d1fcd054daf75f5a50674411e75", size = 10535456, upload-time = "2026-02-26T20:03:52.738Z" },
    { url = "https://files.pythonhosted.org/packages/fa/0f/bced38fa5cf24373ec767713c8e4cadc90247f3863605fb030e597878661/ruff-0.15.4-py3-none-manylinux_2_17_armv7l.manylinux2014_armv7l.whl", hash = "sha256:3f1c4893841ff2d54cbda1b2860fa3260173df5ddd7b95d370186f8a5e66a4ac", size = 10287772, upload-time = "2026-02-26T20:04:08.138Z" },
    { url = "https://files.pythonhosted.org/packages/2b/90/58a1802d84fed15f8f281925b21ab3cecd813bde52a8ca033a4de8ab0e7a/ruff-0.15.4-py3-none-manylinux_2_17_i686.manylinux2014_i686.whl", hash = "sha256:820b8766bd65503b6c30aaa6331e8ef3a6e564f7999c844e9a547c40179e440a", size = 11049051, upload-time = "2026-02-26T20:04:03.53Z" },
    { url = "https://files.pythonhosted.org/packages/d2/ac/b7ad36703c35f3866584564dc15f12f91cb1a26a897dc2fd13d7cb3ae1af/ruff-0.15.4-py3-none-manylinux_2_17_ppc64le.manylinux2014_ppc64le.whl", hash = "sha256:c9fb74bab47139c1751f900f857fa503987253c3ef89129b24ed375e72873e85", size = 11890494, upload-time = "2026-02-26T20:04:10.497Z" },
    { url = "https://files.pythonhosted.org/packages/93/3d/3eb2f47a39a8b0da99faf9c54d3eb24720add1e886a5309d4d1be73a6380/ruff-0.15.4-py3-none-manylinux_2_17_s390x.manylinux2014_s390x.whl", hash = "sha256:f80c98765949c518142b3a50a5db89343aa90f2c2bf7799de9986498ae6176db", size = 11326221, upload-time = "2026-02-26T20:04:12.84Z" },
    { url = "https://files.pythonhosted.org/packages/ff/90/bf134f4c1e5243e62690e09d63c55df948a74084c8ac3e48a88468314da6/ruff-0.15.4-py3-none-manylinux_2_17_x86_64.manylinux2014_x86_64.whl", hash = "sha256:451a2e224151729b3b6c9ffb36aed9091b2996fe4bdbd11f47e27d8f2e8888ec", size = 11168459, upload-time = "2026-02-26T20:04:00.969Z" },
    { url = "https://files.pythonhosted.org/packages/b5/e5/a64d27688789b06b5d55162aafc32059bb8c989c61a5139a36e1368285eb/ruff-0.15.4-py3-none-manylinux_2_31_riscv64.whl", hash = "sha256:a8f157f2e583c513c4f5f896163a93198297371f34c04220daf40d133fdd4f7f", size = 11104366, upload-time = "2026-02-26T20:03:48.099Z" },
    { url = "https://files.pythonhosted.org/packages/f1/f6/32d1dcb66a2559763fc3027bdd65836cad9eb09d90f2ed6a63d8e9252b02/ruff-0.15.4-py3-none-musllinux_1_2_aarch64.whl", hash = "sha256:917cc68503357021f541e69b35361c99387cdbbf99bd0ea4aa6f28ca99ff5338", size = 10510887, upload-time = "2026-02-26T20:03:45.771Z" },
    { url = "https://files.pythonhosted.org/packages/ff/92/22d1ced50971c5b6433aed166fcef8c9343f567a94cf2b9d9089f6aa80fe/ruff-0.15.4-py3-none-musllinux_1_2_armv7l.whl", hash = "sha256:e9737c8161da79fd7cfec19f1e35620375bd8b2a50c3e77fa3d2c16f574105cc", size = 10285939, upload-time = "2026-02-26T20:04:22.42Z" },
    { url = "https://files.pythonhosted.org/packages/e6/f4/7c20aec3143837641a02509a4668fb146a642fd1211846634edc17eb5563/ruff-0.15.4-py3-none-musllinux_1_2_i686.whl", hash = "sha256:291258c917539e18f6ba40482fe31d6f5ac023994ee11d7bdafd716f2aab8a68", size = 10765471, upload-time = "2026-02-26T20:03:58.924Z" },
    { url = "https://files.pythonhosted.org/packages/d0/09/6d2f7586f09a16120aebdff8f64d962d7c4348313c77ebb29c566cefc357/ruff-0.15.4-py3-none-musllinux_1_2_x86_64.whl", hash = "sha256:3f83c45911da6f2cd5936c436cf86b9f09f09165f033a99dcf7477e34041cbc3", size = 11263382, upload-time = "2026-02-26T20:04:24.424Z" },
    { url = "https://files.pythonhosted.org/packages/1b/fa/2ef715a1cd329ef47c1a050e10dee91a9054b7ce2fcfdd6a06d139afb7ec/ruff-0.15.4-py3-none-win32.whl", hash = "sha256:65594a2d557d4ee9f02834fcdf0a28daa8b3b9f6cb2cb93846025a36db47ef22", size = 10506664, upload-time = "2026-02-26T20:03:50.56Z" },
    { url = "https://files.pythonhosted.org/packages/d0/a8/c688ef7e29983976820d18710f955751d9f4d4eb69df658af3d006e2ba3e/ruff-0.15.4-py3-none-win_amd64.whl", hash = "sha256:04196ad44f0df220c2ece5b0e959c2f37c777375ec744397d21d15b50a75264f", size = 11651048, upload-time = "2026-02-26T20:04:17.191Z" },
    { url = "https://files.pythonhosted.org/packages/3e/0a/9e1be9035b37448ce2e68c978f0591da94389ade5a5abafa4cf99985d1b2/ruff-0.15.4-py3-none-win_arm64.whl", hash = "sha256:60d5177e8cfc70e51b9c5fad936c634872a74209f934c1e79107d11787ad5453", size = 10966776, upload-time = "2026-02-26T20:03:56.908Z" },
]

[[package]]
name = "six"
version = "1.17.0"
source = { registry = "https://pypi.org/simple" }
sdist = { url = "https://files.pythonhosted.org/packages/94/e7/b2c673351809dca68a0e064b6af791aa332cf192da575fd474ed7d6f16a2/six-1.17.0.tar.gz", hash = "sha256:ff70335d468e7eb6ec65b95b99d3a2836546063f63acc5171de367e834932a81", size = 34031, upload-time = "2024-12-04T17:35:28.174Z" }
wheels = [
    { url = "https://files.pythonhosted.org/packages/b7/ce/149a00dd41f10bc29e5921b496af8b574d8413afcd5e30dfa0ed46c2cc5e/six-1.17.0-py2.py3-none-any.whl", hash = "sha256:4721f391ed90541fddacab5acf947aa0d3dc7d27b2e1e8eda2be8970586c3274", size = 11050, upload-time = "2024-12-04T17:35:26.475Z" },
]

[[package]]
name = "sqlite-vec"
version = "0.1.6"
source = { registry = "https://pypi.org/simple" }
wheels = [
    { url = "https://files.pythonhosted.org/packages/88/ed/aabc328f29ee6814033d008ec43e44f2c595447d9cccd5f2aabe60df2933/sqlite_vec-0.1.6-py3-none-macosx_10_6_x86_64.whl", hash = "sha256:77491bcaa6d496f2acb5cc0d0ff0b8964434f141523c121e313f9a7d8088dee3", size = 164075, upload-time = "2024-11-20T16:40:29.847Z" },
    { url = "https://files.pythonhosted.org/packages/a7/57/05604e509a129b22e303758bfa062c19afb020557d5e19b008c64016704e/sqlite_vec-0.1.6-py3-none-macosx_11_0_arm64.whl", hash = "sha256:fdca35f7ee3243668a055255d4dee4dea7eed5a06da8cad409f89facf4595361", size = 165242, upload-time = "2024-11-20T16:40:31.206Z" },
    { url = "https://files.pythonhosted.org/packages/f2/48/dbb2cc4e5bad88c89c7bb296e2d0a8df58aab9edc75853728c361eefc24f/sqlite_vec-0.1.6-py3-none-manylinux_2_17_aarch64.manylinux2014_aarch64.whl", hash = "sha256:7b0519d9cd96164cd2e08e8eed225197f9cd2f0be82cb04567692a0a4be02da3", size = 103704, upload-time = "2024-11-20T16:40:33.729Z" },
    { url = "https://files.pythonhosted.org/packages/80/76/97f33b1a2446f6ae55e59b33869bed4eafaf59b7f4c662c8d9491b6a714a/sqlite_vec-0.1.6-py3-none-manylinux_2_17_x86_64.manylinux2014_x86_64.manylinux1_x86_64.whl", hash = "sha256:823b0493add80d7fe82ab0fe25df7c0703f4752941aee1c7b2b02cec9656cb24", size = 151556, upload-time = "2024-11-20T16:40:35.387Z" },
    { url = "https://files.pythonhosted.org/packages/6a/98/e8bc58b178266eae2fcf4c9c7a8303a8d41164d781b32d71097924a6bebe/sqlite_vec-0.1.6-py3-none-win_amd64.whl", hash = "sha256:c65bcfd90fa2f41f9000052bcb8bb75d38240b2dae49225389eca6c3136d3f0c", size = 281540, upload-time = "2024-11-20T16:40:37.296Z" },
]

[[package]]
name = "tzdata"
version = "2025.3"
source = { registry = "https://pypi.org/simple" }
sdist = { url = "https://files.pythonhosted.org/packages/5e/a7/c202b344c5ca7daf398f3b8a477eeb205cf3b6f32e7ec3a6bac0629ca975/tzdata-2025.3.tar.gz", hash = "sha256:de39c2ca5dc7b0344f2eba86f49d614019d29f060fc4ebc8a417896a620b56a7", size = 196772, upload-time = "2025-12-13T17:45:35.667Z" }
wheels = [
    { url = "https://files.pythonhosted.org/packages/c7/b0/003792df09decd6849a5e39c28b513c06e84436a54440380862b5aeff25d/tzdata-2025.3-py2.py3-none-any.whl", hash = "sha256:06a47e5700f3081aab02b2e513160914ff0694bce9947d6b76ebd6bf57cfc5d1", size = 348521, upload-time = "2025-12-13T17:45:33.889Z" },
]

[[package]]
name = "tzlocal"
version = "5.3.1"
source = { registry = "https://pypi.org/simple" }
dependencies = [
    { name = "tzdata", marker = "sys_platform == 'win32'" },
]
sdist = { url = "https://files.pythonhosted.org/packages/8b/2e/c14812d3d4d9cd1773c6be938f89e5735a1f11a9f184ac3639b93cef35d5/tzlocal-5.3.1.tar.gz", hash = "sha256:cceffc7edecefea1f595541dbd6e990cb1ea3d19bf01b2809f362a03dd7921fd", size = 30761, upload-time = "2025-03-05T21:17:41.549Z" }
wheels = [
    { url = "https://files.pythonhosted.org/packages/c2/14/e2a54fabd4f08cd7af1c07030603c3356b74da07f7cc056e600436edfa17/tzlocal-5.3.1-py3-none-any.whl", hash = "sha256:eb1a66c3ef5847adf7a834f1be0800581b683b5608e74f86ecbcef8ab91bb85d", size = 18026, upload-time = "2025-03-05T21:17:39.857Z" },
]
